{
  "name": "novo_elvargserver",
  "lockfileVersion": 2,
  "requires": true,
  "packages": {
    "": {
      "dependencies": {
        "@types/node": "^18.11.18",
        "@types/paper": "^0.12.3",
        "array": "^0.4.3",
        "big-integer": "^1.6.51",
        "buffer": "^6.0.3",
        "fs": "^0.0.1-security",
        "hashset": "^0.0.6",
        "iterator": "^0.0.0",
        "object-path": "^0.11.8",
        "ts-hashset": "^1.0.0"
      }
    },
    "node_modules/@types/node": {
      "version": "18.11.18",
      "resolved": "https://registry.npmjs.org/@types/node/-/node-18.11.18.tgz",
      "integrity": "sha512-DHQpWGjyQKSHj3ebjFI/wRKcqQcdR+MoFBygntYOZytCqNfkd2ZC4ARDJ2DQqhjH5p85Nnd3jhUJIXrszFX/JA=="
    },
    "node_modules/@types/paper": {
      "version": "0.12.3",
      "resolved": "https://registry.npmjs.org/@types/paper/-/paper-0.12.3.tgz",
      "integrity": "sha512-kU00AqWZcpb6b5Fnnrilurk3NfdkuyZXG4v+L9GF5+6zAfTYIThXDcieCtjdHFl/HlLfqZr5Zbf+tKvGX3FyFw==",
      "deprecated": "This is a stub types definition. paper provides its own type definitions, so you do not need this installed.",
      "dependencies": {
        "paper": "*"
      }
    },
    "node_modules/array": {
      "version": "0.4.3",
      "resolved": "https://registry.npmjs.org/array/-/array-0.4.3.tgz",
      "integrity": "sha512-YcDWJeh89FHxf5ejRLnOwLnF5ZNm+gzMaV2p6Fau6NAOW4V3DL70dRLqMUb/FcCQ4lokPyaGnzdO+U46TrAuGw==",
      "dependencies": {
        "emitter-component": "~1.1.0",
        "to-function": "~1.2.1"
      }
    },
    "node_modules/base64-js": {
      "version": "1.5.1",
      "resolved": "https://registry.npmjs.org/base64-js/-/base64-js-1.5.1.tgz",
      "integrity": "sha512-AKpaYlHn8t4SVbOHCy+b5+KKgvR4vrsD8vbvrbiQJps7fKDTkjkDry6ji0rUJjC0kzbNePLwzxq8iypo41qeWA==",
      "funding": [
        {
          "type": "github",
          "url": "https://github.com/sponsors/feross"
        },
        {
          "type": "patreon",
          "url": "https://www.patreon.com/feross"
        },
        {
          "type": "consulting",
          "url": "https://feross.org/support"
        }
      ]
    },
    "node_modules/big-integer": {
      "version": "1.6.51",
      "resolved": "https://registry.npmjs.org/big-integer/-/big-integer-1.6.51.tgz",
      "integrity": "sha512-GPEid2Y9QU1Exl1rpO9B2IPJGHPSupF5GnVIP0blYvNOMer2bTvSWs1jGOUg04hTmu67nmLsQ9TBo1puaotBHg==",
      "engines": {
        "node": ">=0.6"
      }
    },
    "node_modules/buffer": {
      "version": "6.0.3",
      "resolved": "https://registry.npmjs.org/buffer/-/buffer-6.0.3.tgz",
      "integrity": "sha512-FTiCpNxtwiZZHEZbcbTIcZjERVICn9yq/pDFkTl95/AxzD1naBctN7YO68riM/gLSDY7sdrMby8hofADYuuqOA==",
      "funding": [
        {
          "type": "github",
          "url": "https://github.com/sponsors/feross"
        },
        {
          "type": "patreon",
          "url": "https://www.patreon.com/feross"
        },
        {
          "type": "consulting",
          "url": "https://feross.org/support"
        }
      ],
      "dependencies": {
        "base64-js": "^1.3.1",
        "ieee754": "^1.2.1"
      }
    },
    "node_modules/emitter-component": {
      "version": "1.1.1",
      "resolved": "https://registry.npmjs.org/emitter-component/-/emitter-component-1.1.1.tgz",
      "integrity": "sha512-G+mpdiAySMuB7kesVRLuyvYRqDmshB7ReKEVuyBPkzQlmiDiLrt7hHHIy4Aff552bgknVN7B2/d3lzhGO5dvpQ=="
    },
    "node_modules/fs": {
      "version": "0.0.1-security",
      "resolved": "https://registry.npmjs.org/fs/-/fs-0.0.1-security.tgz",
      "integrity": "sha512-3XY9e1pP0CVEUCdj5BmfIZxRBTSDycnbqhIOGec9QYtmVH2fbLpj86CFWkrNOkt/Fvty4KZG5lTglL9j/gJ87w=="
    },
    "node_modules/hashset": {
      "version": "0.0.6",
      "resolved": "https://registry.npmjs.org/hashset/-/hashset-0.0.6.tgz",
      "integrity": "sha512-3zBA3HVu2hCcr4diUybCw7f1Hq1w0/nXOIjSm0UhEDZLcg7fU3kRVi/YBV6JsWaQ25tW56LwBef/liFahwHabA==",
      "dependencies": {
        "string-hash": "^1.1.0"
      }
    },
    "node_modules/ieee754": {
      "version": "1.2.1",
      "resolved": "https://registry.npmjs.org/ieee754/-/ieee754-1.2.1.tgz",
      "integrity": "sha512-dcyqhDvX1C46lXZcVqCpK+FtMRQVdIMN6/Df5js2zouUsqG7I6sFxitIC+7KYK29KdXOLHdu9zL4sFnoVQnqaA==",
      "funding": [
        {
          "type": "github",
          "url": "https://github.com/sponsors/feross"
        },
        {
          "type": "patreon",
          "url": "https://www.patreon.com/feross"
        },
        {
          "type": "consulting",
          "url": "https://feross.org/support"
        }
      ]
    },
    "node_modules/iterator": {
      "version": "0.0.0",
      "resolved": "https://registry.npmjs.org/iterator/-/iterator-0.0.0.tgz",
      "integrity": "sha512-0cPsaVM1KvRuziTRXSRGImIUZOvY2SjnolmMsAbQBkQXAfr1QqjoHrkzAfqmEHJuapEdlvGU2EBVaH1Z+TXCmg==",
      "engines": {
        "node": "*"
      }
    },
    "node_modules/object-path": {
      "version": "0.11.8",
      "resolved": "https://registry.npmjs.org/object-path/-/object-path-0.11.8.tgz",
      "integrity": "sha512-YJjNZrlXJFM42wTBn6zgOJVar9KFJvzx6sTWDte8sWZF//cnjl0BxHNpfZx+ZffXX63A9q0b1zsFiBX4g4X5KA==",
      "engines": {
        "node": ">= 10.12.0"
      }
    },
    "node_modules/paper": {
      "version": "0.12.17",
      "resolved": "https://registry.npmjs.org/paper/-/paper-0.12.17.tgz",
      "integrity": "sha512-oCe+e1C2w8hKIcGoAqUjD0GGxGPv+itrRXlEFUmp3H8tY/NTnHOkYgpJFPGw6OJ8Q1Wa6+RgzlY7Dx/2WWHtkA==",
      "engines": {
        "node": ">=8.0.0"
      }
    },
    "node_modules/props-component": {
      "version": "1.0.3",
      "resolved": "https://registry.npmjs.org/props-component/-/props-component-1.0.3.tgz",
      "integrity": "sha512-oQ8Z4MuSblWUO3NUM+mPncu/8Eeo+/UVhhCp0itY1HbOuJ9413U5rLoFbMc0f9qfHfRuSn/5ltKJkYShQRS0oA=="
    },
    "node_modules/string-hash": {
      "version": "1.1.3",
      "resolved": "https://registry.npmjs.org/string-hash/-/string-hash-1.1.3.tgz",
      "integrity": "sha512-kJUvRUFK49aub+a7T1nNE66EJbZBMnBgoC1UbCZ5n6bsZKBRga4KgBRTMn/pFkeCZSYtNeSyMxPDM0AXWELk2A=="
    },
    "node_modules/to-function": {
      "version": "1.2.1",
      "resolved": "https://registry.npmjs.org/to-function/-/to-function-1.2.1.tgz",
      "integrity": "sha512-viF8Zq4BpUBGCH7ke8wZFvClz916ZGynYigwQbcVXwpAnSUY/ty/GwcsIq77mVtZmhdLOhXt57oTqR7lzPukhw==",
      "dependencies": {
        "props-component": "*"
      }
    },
    "node_modules/ts-hashset": {
      "version": "1.0.0",
      "resolved": "https://registry.npmjs.org/ts-hashset/-/ts-hashset-1.0.0.tgz",
      "integrity": "sha512-pwx7GSdwFEKx2NreWd+cfO1x+Xh6idDRxnGLTbv2mFnOWxjcEyC8wv/E/i5vHQJFdCpqWoE8D89JDlvSCjPr+w=="
    }
  },
  "dependencies": {
    "@types/node": {
      "version": "18.11.18",
      "resolved": "https://registry.npmjs.org/@types/node/-/node-18.11.18.tgz",
      "integrity": "sha512-DHQpWGjyQKSHj3ebjFI/wRKcqQcdR+MoFBygntYOZytCqNfkd2ZC4ARDJ2DQqhjH5p85Nnd3jhUJIXrszFX/JA=="
    },
    "@types/paper": {
      "version": "0.12.3",
      "resolved": "https://registry.npmjs.org/@types/paper/-/paper-0.12.3.tgz",
      "integrity": "sha512-kU00AqWZcpb6b5Fnnrilurk3NfdkuyZXG4v+L9GF5+6zAfTYIThXDcieCtjdHFl/HlLfqZr5Zbf+tKvGX3FyFw==",
      "requires": {
        "paper": "*"
      }
    },
    "array": {
      "version": "0.4.3",
      "resolved": "https://registry.npmjs.org/array/-/array-0.4.3.tgz",
      "integrity": "sha512-YcDWJeh89FHxf5ejRLnOwLnF5ZNm+gzMaV2p6Fau6NAOW4V3DL70dRLqMUb/FcCQ4lokPyaGnzdO+U46TrAuGw==",
      "requires": {
        "emitter-component": "~1.1.0",
        "to-function": "~1.2.1"
      }
    },
    "base64-js": {
      "version": "1.5.1",
      "resolved": "https://registry.npmjs.org/base64-js/-/base64-js-1.5.1.tgz",
      "integrity": "sha512-AKpaYlHn8t4SVbOHCy+b5+KKgvR4vrsD8vbvrbiQJps7fKDTkjkDry6ji0rUJjC0kzbNePLwzxq8iypo41qeWA=="
    },
    "big-integer": {
      "version": "1.6.51",
      "resolved": "https://registry.npmjs.org/big-integer/-/big-integer-1.6.51.tgz",
      "integrity": "sha512-GPEid2Y9QU1Exl1rpO9B2IPJGHPSupF5GnVIP0blYvNOMer2bTvSWs1jGOUg04hTmu67nmLsQ9TBo1puaotBHg=="
    },
    "buffer": {
      "version": "6.0.3",
      "resolved": "https://registry.npmjs.org/buffer/-/buffer-6.0.3.tgz",
      "integrity": "sha512-FTiCpNxtwiZZHEZbcbTIcZjERVICn9yq/pDFkTl95/AxzD1naBctN7YO68riM/gLSDY7sdrMby8hofADYuuqOA==",
      "requires": {
        "base64-js": "^1.3.1",
        "ieee754": "^1.2.1"
      }
    },
    "emitter-component": {
      "version": "1.1.1",
      "resolved": "https://registry.npmjs.org/emitter-component/-/emitter-component-1.1.1.tgz",
      "integrity": "sha512-G+mpdiAySMuB7kesVRLuyvYRqDmshB7ReKEVuyBPkzQlmiDiLrt7hHHIy4Aff552bgknVN7B2/d3lzhGO5dvpQ=="
    },
    "fs": {
      "version": "0.0.1-security",
      "resolved": "https://registry.npmjs.org/fs/-/fs-0.0.1-security.tgz",
      "integrity": "sha512-3XY9e1pP0CVEUCdj5BmfIZxRBTSDycnbqhIOGec9QYtmVH2fbLpj86CFWkrNOkt/Fvty4KZG5lTglL9j/gJ87w=="
    },
    "hashset": {
      "version": "0.0.6",
      "resolved": "https://registry.npmjs.org/hashset/-/hashset-0.0.6.tgz",
      "integrity": "sha512-3zBA3HVu2hCcr4diUybCw7f1Hq1w0/nXOIjSm0UhEDZLcg7fU3kRVi/YBV6JsWaQ25tW56LwBef/liFahwHabA==",
      "requires": {
        "string-hash": "^1.1.0"
      }
    },
    "ieee754": {
      "version": "1.2.1",
      "resolved": "https://registry.npmjs.org/ieee754/-/ieee754-1.2.1.tgz",
      "integrity": "sha512-dcyqhDvX1C46lXZcVqCpK+FtMRQVdIMN6/Df5js2zouUsqG7I6sFxitIC+7KYK29KdXOLHdu9zL4sFnoVQnqaA=="
    },
    "iterator": {
      "version": "0.0.0",
      "resolved": "https://registry.npmjs.org/iterator/-/iterator-0.0.0.tgz",
      "integrity": "sha512-0cPsaVM1KvRuziTRXSRGImIUZOvY2SjnolmMsAbQBkQXAfr1QqjoHrkzAfqmEHJuapEdlvGU2EBVaH1Z+TXCmg=="
    },
    "object-path": {
      "version": "0.11.8",
      "resolved": "https://registry.npmjs.org/object-path/-/object-path-0.11.8.tgz",
      "integrity": "sha512-YJjNZrlXJFM42wTBn6zgOJVar9KFJvzx6sTWDte8sWZF//cnjl0BxHNpfZx+ZffXX63A9q0b1zsFiBX4g4X5KA=="
    },
    "paper": {
      "version": "0.12.17",
      "resolved": "https://registry.npmjs.org/paper/-/paper-0.12.17.tgz",
      "integrity": "sha512-oCe+e1C2w8hKIcGoAqUjD0GGxGPv+itrRXlEFUmp3H8tY/NTnHOkYgpJFPGw6OJ8Q1Wa6+RgzlY7Dx/2WWHtkA=="
    },
    "props-component": {
      "version": "1.0.3",
      "resolved": "https://registry.npmjs.org/props-component/-/props-component-1.0.3.tgz",
      "integrity": "sha512-oQ8Z4MuSblWUO3NUM+mPncu/8Eeo+/UVhhCp0itY1HbOuJ9413U5rLoFbMc0f9qfHfRuSn/5ltKJkYShQRS0oA=="
    },
    "string-hash": {
      "version": "1.1.3",
      "resolved": "https://registry.npmjs.org/string-hash/-/string-hash-1.1.3.tgz",
      "integrity": "sha512-kJUvRUFK49aub+a7T1nNE66EJbZBMnBgoC1UbCZ5n6bsZKBRga4KgBRTMn/pFkeCZSYtNeSyMxPDM0AXWELk2A=="
    },
    "to-function": {
      "version": "1.2.1",
      "resolved": "https://registry.npmjs.org/to-function/-/to-function-1.2.1.tgz",
      "integrity": "sha512-viF8Zq4BpUBGCH7ke8wZFvClz916ZGynYigwQbcVXwpAnSUY/ty/GwcsIq77mVtZmhdLOhXt57oTqR7lzPukhw==",
      "requires": {
        "props-component": "*"
      }
    },
    "ts-hashset": {
      "version": "1.0.0",
      "resolved": "https://registry.npmjs.org/ts-hashset/-/ts-hashset-1.0.0.tgz",
      "integrity": "sha512-pwx7GSdwFEKx2NreWd+cfO1x+Xh6idDRxnGLTbv2mFnOWxjcEyC8wv/E/i5vHQJFdCpqWoE8D89JDlvSCjPr+w=="
    }
  }
}
