{
  "requires": true,
  "packages": {
    "": {
      "dependencies": {
        "array": "^0.4.3",
        "buffer": "^6.0.3",
        "hashset": "^0.0.6",
        "ts-hashset": "^1.0.0"
      }
    },
    "node_modules/array": {
      "version": "0.4.3",
      "resolved": "https://registry.npmjs.org/array/-/array-0.4.3.tgz",
      "integrity": "sha512-YcDWJeh89FHxf5ejRLnOwLnF5ZNm+gzMaV2p6Fau6NAOW4V3DL70dRLqMUb/FcCQ4lokPyaGnzdO+U46TrAuGw==",
      "dependencies": {
        "emitter-component": "~1.1.0",
        "to-function": "~1.2.1"
      }
    },
    "node_modules/base64-js": {
      "version": "1.5.1",
      "resolved": "https://registry.npmjs.org/base64-js/-/base64-js-1.5.1.tgz",
      "integrity": "sha512-AKpaYlHn8t4SVbOHCy+b5+KKgvR4vrsD8vbvrbiQJps7fKDTkjkDry6ji0rUJjC0kzbNePLwzxq8iypo41qeWA==",
      "funding": [
        {
          "type": "github",
          "url": "https://github.com/sponsors/feross"
        },
        {
          "type": "patreon",
          "url": "https://www.patreon.com/feross"
        },
        {
          "type": "consulting",
          "url": "https://feross.org/support"
        }
      ]
    },
    "node_modules/buffer": {
      "version": "6.0.3",
      "resolved": "https://registry.npmjs.org/buffer/-/buffer-6.0.3.tgz",
      "integrity": "sha512-FTiCpNxtwiZZHEZbcbTIcZjERVICn9yq/pDFkTl95/AxzD1naBctN7YO68riM/gLSDY7sdrMby8hofADYuuqOA==",
      "funding": [
        {
          "type": "github",
          "url": "https://github.com/sponsors/feross"
        },
        {
          "type": "patreon",
          "url": "https://www.patreon.com/feross"
        },
        {
          "type": "consulting",
          "url": "https://feross.org/support"
        }
      ],
      "dependencies": {
        "base64-js": "^1.3.1",
        "ieee754": "^1.2.1"
      }
    },
    "node_modules/emitter-component": {
      "version": "1.1.1",
      "resolved": "https://registry.npmjs.org/emitter-component/-/emitter-component-1.1.1.tgz",
      "integrity": "sha512-G+mpdiAySMuB7kesVRLuyvYRqDmshB7ReKEVuyBPkzQlmiDiLrt7hHHIy4Aff552bgknVN7B2/d3lzhGO5dvpQ=="
    },
    "node_modules/hashset": {
      "version": "0.0.6",
      "resolved": "https://registry.npmjs.org/hashset/-/hashset-0.0.6.tgz",
      "integrity": "sha512-3zBA3HVu2hCcr4diUybCw7f1Hq1w0/nXOIjSm0UhEDZLcg7fU3kRVi/YBV6JsWaQ25tW56LwBef/liFahwHabA==",
      "dependencies": {
        "string-hash": "^1.1.0"
      }
    },
    "node_modules/ieee754": {
      "version": "1.2.1",
      "resolved": "https://registry.npmjs.org/ieee754/-/ieee754-1.2.1.tgz",
      "integrity": "sha512-dcyqhDvX1C46lXZcVqCpK+FtMRQVdIMN6/Df5js2zouUsqG7I6sFxitIC+7KYK29KdXOLHdu9zL4sFnoVQnqaA==",
      "funding": [
        {
          "type": "github",
          "url": "https://github.com/sponsors/feross"
        },
        {
          "type": "patreon",
          "url": "https://www.patreon.com/feross"
        },
        {
          "type": "consulting",
          "url": "https://feross.org/support"
        }
      ]
    },
    "node_modules/props-component": {
      "version": "1.0.3",
      "resolved": "https://registry.npmjs.org/props-component/-/props-component-1.0.3.tgz",
      "integrity": "sha512-oQ8Z4MuSblWUO3NUM+mPncu/8Eeo+/UVhhCp0itY1HbOuJ9413U5rLoFbMc0f9qfHfRuSn/5ltKJkYShQRS0oA=="
    },
    "node_modules/string-hash": {
      "version": "1.1.3",
      "resolved": "https://registry.npmjs.org/string-hash/-/string-hash-1.1.3.tgz",
      "integrity": "sha512-kJUvRUFK49aub+a7T1nNE66EJbZBMnBgoC1UbCZ5n6bsZKBRga4KgBRTMn/pFkeCZSYtNeSyMxPDM0AXWELk2A=="
    },
    "node_modules/to-function": {
      "version": "1.2.1",
      "resolved": "https://registry.npmjs.org/to-function/-/to-function-1.2.1.tgz",
      "integrity": "sha512-viF8Zq4BpUBGCH7ke8wZFvClz916ZGynYigwQbcVXwpAnSUY/ty/GwcsIq77mVtZmhdLOhXt57oTqR7lzPukhw==",
      "dependencies": {
        "props-component": "*"
      }
    },
    "node_modules/ts-hashset": {
      "version": "1.0.0",
      "resolved": "https://registry.npmjs.org/ts-hashset/-/ts-hashset-1.0.0.tgz",
      "integrity": "sha512-pwx7GSdwFEKx2NreWd+cfO1x+Xh6idDRxnGLTbv2mFnOWxjcEyC8wv/E/i5vHQJFdCpqWoE8D89JDlvSCjPr+w=="
    }
  },
  "dependencies": {
    "array": {
      "version": "0.4.3",
      "resolved": "https://registry.npmjs.org/array/-/array-0.4.3.tgz",
      "integrity": "sha512-YcDWJeh89FHxf5ejRLnOwLnF5ZNm+gzMaV2p6Fau6NAOW4V3DL70dRLqMUb/FcCQ4lokPyaGnzdO+U46TrAuGw==",
      "requires": {
        "emitter-component": "~1.1.0",
        "to-function": "~1.2.1"
      }
    },
    "base64-js": {
      "version": "1.5.1",
      "resolved": "https://registry.npmjs.org/base64-js/-/base64-js-1.5.1.tgz",
      "integrity": "sha512-AKpaYlHn8t4SVbOHCy+b5+KKgvR4vrsD8vbvrbiQJps7fKDTkjkDry6ji0rUJjC0kzbNePLwzxq8iypo41qeWA=="
    },
    "buffer": {
      "version": "6.0.3",
      "resolved": "https://registry.npmjs.org/buffer/-/buffer-6.0.3.tgz",
      "integrity": "sha512-FTiCpNxtwiZZHEZbcbTIcZjERVICn9yq/pDFkTl95/AxzD1naBctN7YO68riM/gLSDY7sdrMby8hofADYuuqOA==",
      "requires": {
        "base64-js": "^1.3.1",
        "ieee754": "^1.2.1"
      }
    },
    "emitter-component": {
      "version": "1.1.1",
      "resolved": "https://registry.npmjs.org/emitter-component/-/emitter-component-1.1.1.tgz",
      "integrity": "sha512-G+mpdiAySMuB7kesVRLuyvYRqDmshB7ReKEVuyBPkzQlmiDiLrt7hHHIy4Aff552bgknVN7B2/d3lzhGO5dvpQ=="
    },
    "hashset": {
      "version": "0.0.6",
      "resolved": "https://registry.npmjs.org/hashset/-/hashset-0.0.6.tgz",
      "integrity": "sha512-3zBA3HVu2hCcr4diUybCw7f1Hq1w0/nXOIjSm0UhEDZLcg7fU3kRVi/YBV6JsWaQ25tW56LwBef/liFahwHabA==",
      "requires": {
        "string-hash": "^1.1.0"
      }
    },
    "ieee754": {
      "version": "1.2.1",
      "resolved": "https://registry.npmjs.org/ieee754/-/ieee754-1.2.1.tgz",
      "integrity": "sha512-dcyqhDvX1C46lXZcVqCpK+FtMRQVdIMN6/Df5js2zouUsqG7I6sFxitIC+7KYK29KdXOLHdu9zL4sFnoVQnqaA=="
    },
    "props-component": {
      "version": "1.0.3",
      "resolved": "https://registry.npmjs.org/props-component/-/props-component-1.0.3.tgz",
      "integrity": "sha512-oQ8Z4MuSblWUO3NUM+mPncu/8Eeo+/UVhhCp0itY1HbOuJ9413U5rLoFbMc0f9qfHfRuSn/5ltKJkYShQRS0oA=="
    },
    "string-hash": {
      "version": "1.1.3",
      "resolved": "https://registry.npmjs.org/string-hash/-/string-hash-1.1.3.tgz",
      "integrity": "sha512-kJUvRUFK49aub+a7T1nNE66EJbZBMnBgoC1UbCZ5n6bsZKBRga4KgBRTMn/pFkeCZSYtNeSyMxPDM0AXWELk2A=="
    },
    "to-function": {
      "version": "1.2.1",
      "resolved": "https://registry.npmjs.org/to-function/-/to-function-1.2.1.tgz",
      "integrity": "sha512-viF8Zq4BpUBGCH7ke8wZFvClz916ZGynYigwQbcVXwpAnSUY/ty/GwcsIq77mVtZmhdLOhXt57oTqR7lzPukhw==",
      "requires": {
        "props-component": "*"
      }
    },
    "ts-hashset": {
      "version": "1.0.0",
      "resolved": "https://registry.npmjs.org/ts-hashset/-/ts-hashset-1.0.0.tgz",
      "integrity": "sha512-pwx7GSdwFEKx2NreWd+cfO1x+Xh6idDRxnGLTbv2mFnOWxjcEyC8wv/E/i5vHQJFdCpqWoE8D89JDlvSCjPr+w=="
    }
  }
}
